
Microsoft Visual Studio Solution File, Format Version 12.00
# Visual Studio Version 17
VisualStudioVersion = 17.0.32126.317
MinimumVisualStudioVersion = 10.0.40219.1
Project("{9A19103F-16F7-4668-BE54-9A1E7A4F7556}") = "F0.Talks.ApiDiff", "F0.Talks.ApiDiff\F0.Talks.ApiDiff.csproj", "{933C92A4-00A4-4D37-915B-C4613BBC6E9E}"
EndProject
Project("{FAE04EC0-301F-11D3-BF4B-00C04F79EFBC}") = "F0.Talks.ApiDiff.Net60", "F0.Talks.ApiDiff.Net60\F0.Talks.ApiDiff.Net60.csproj", "{B28353B4-984C-4BCE-B65E-DF3968BE2763}"
EndProject
Global
	GlobalSection(SolutionConfigurationPlatforms) = preSolution
		Debug|Any CPU = Debug|Any CPU
		Release|Any CPU = Release|Any CPU
	EndGlobalSection
	GlobalSection(ProjectConfigurationPlatforms) = postSolution
		{933C92A4-00A4-4D37-915B-C4613BBC6E9E}.Debug|Any CPU.ActiveCfg = Debug|Any CPU
		{933C92A4-00A4-4D37-915B-C4613BBC6E9E}.Debug|Any CPU.Build.0 = Debug|Any CPU
		{933C92A4-00A4-4D37-915B-C4613BBC6E9E}.Release|Any CPU.ActiveCfg = Release|Any CPU
		{933C92A4-00A4-4D37-915B-C4613BBC6E9E}.Release|Any CPU.Build.0 = Release|Any CPU
		{B28353B4-984C-4BCE-B65E-DF3968BE2763}.Debug|Any CPU.ActiveCfg = Debug|Any CPU
		{B28353B4-984C-4BCE-B65E-DF3968BE2763}.Debug|Any CPU.Build.0 = Debug|Any CPU
		{B28353B4-984C-4BCE-B65E-DF3968BE2763}.Release|Any CPU.ActiveCfg = Release|Any CPU
		{B28353B4-984C-4BCE-B65E-DF3968BE2763}.Release|Any CPU.Build.0 = Release|Any CPU
	EndGlobalSection
	GlobalSection(SolutionProperties) = preSolution
		HideSolutionNode = FALSE
	EndGlobalSection
	GlobalSection(ExtensibilityGlobals) = postSolution
		SolutionGuid = {EE3ABCE3-A3C1-4A1E-BB73-7EF569758317}
	EndGlobalSection
EndGlobal
